// !$*UTF8*$!
{
	archiveVersion = 1;
	classes = {
	};
	objectVersion = 55;
	objects = {

/* Begin PBXBuildFile section */
		B6039FAB4593AE03D2EF09BB /* Pods_SushiFood.framework in Frameworks */ = {isa = PBXBuildFile; fileRef = 17F9B524AFDC6171523C4822 /* Pods_SushiFood.framework */; };
		C6B73D7127B90B9F003FE7F6 /* AppDelegate.swift in Sources */ = {isa = PBXBuildFile; fileRef = C6B73D7027B90B9F003FE7F6 /* AppDelegate.swift */; };
		C6B73D7327B90B9F003FE7F6 /* SceneDelegate.swift in Sources */ = {isa = PBXBuildFile; fileRef = C6B73D7227B90B9F003FE7F6 /* SceneDelegate.swift */; };
		C6B73D7527B90B9F003FE7F6 /* ViewController.swift in Sources */ = {isa = PBXBuildFile; fileRef = C6B73D7427B90B9F003FE7F6 /* ViewController.swift */; };
		C6B73D7827B90B9F003FE7F6 /* Main.storyboard in Resources */ = {isa = PBXBuildFile; fileRef = C6B73D7627B90B9F003FE7F6 /* Main.storyboard */; };
		C6B73D7A27B90BA1003FE7F6 /* Assets.xcassets in Resources */ = {isa = PBXBuildFile; fileRef = C6B73D7927B90BA1003FE7F6 /* Assets.xcassets */; };
		C6B73D7D27B90BA1003FE7F6 /* LaunchScreen.storyboard in Resources */ = {isa = PBXBuildFile; fileRef = C6B73D7B27B90BA1003FE7F6 /* LaunchScreen.storyboard */; };
		C6B73D8527BA4084003FE7F6 /* GalleryCollectionView.swift in Sources */ = {isa = PBXBuildFile; fileRef = C6B73D8427BA4084003FE7F6 /* GalleryCollectionView.swift */; };
		C6B73D8727BA4169003FE7F6 /* SushiModel.swift in Sources */ = {isa = PBXBuildFile; fileRef = C6B73D8627BA4169003FE7F6 /* SushiModel.swift */; };
		C6B73D8927BA4320003FE7F6 /* GalleryCollectionViewCell.swift in Sources */ = {isa = PBXBuildFile; fileRef = C6B73D8827BA4320003FE7F6 /* GalleryCollectionViewCell.swift */; };
		C6B73D8B27BA86D0003FE7F6 /* ContainerViewController.swift in Sources */ = {isa = PBXBuildFile; fileRef = C6B73D8A27BA86D0003FE7F6 /* ContainerViewController.swift */; };
		C6B73D8D27BA86D6003FE7F6 /* MenuViewController.swift in Sources */ = {isa = PBXBuildFile; fileRef = C6B73D8C27BA86D6003FE7F6 /* MenuViewController.swift */; };
		C6B73D9027BA9150003FE7F6 /* MenuTableViewCell.swift in Sources */ = {isa = PBXBuildFile; fileRef = C6B73D8F27BA914F003FE7F6 /* MenuTableViewCell.swift */; };
		C6B73D9327BA9361003FE7F6 /* MenuModel.swift in Sources */ = {isa = PBXBuildFile; fileRef = C6B73D9227BA9361003FE7F6 /* MenuModel.swift */; };
/* End PBXBuildFile section */

/* Begin PBXFileReference section */
		17F9B524AFDC6171523C4822 /* Pods_SushiFood.framework */ = {isa = PBXFileReference; explicitFileType = wrapper.framework; includeInIndex = 0; path = Pods_SushiFood.framework; sourceTree = BUILT_PRODUCTS_DIR; };
		341816373482E2089110F155 /* Pods-SushiFood.release.xcconfig */ = {isa = PBXFileReference; includeInIndex = 1; lastKnownFileType = text.xcconfig; name = "Pods-SushiFood.release.xcconfig"; path = "Target Support Files/Pods-SushiFood/Pods-SushiFood.release.xcconfig"; sourceTree = "<group>"; };
		70B1B5B62DFD42A5AA618AB3 /* Pods-SushiFood.debug.xcconfig */ = {isa = PBXFileReference; includeInIndex = 1; lastKnownFileType = text.xcconfig; name = "Pods-SushiFood.debug.xcconfig"; path = "Target Support Files/Pods-SushiFood/Pods-SushiFood.debug.xcconfig"; sourceTree = "<group>"; };
		C6B73D6D27B90B9F003FE7F6 /* SushiFood.app */ = {isa = PBXFileReference; explicitFileType = wrapper.application; includeInIndex = 0; path = SushiFood.app; sourceTree = BUILT_PRODUCTS_DIR; };
		C6B73D7027B90B9F003FE7F6 /* AppDelegate.swift */ = {isa = PBXFileReference; lastKnownFileType = sourcecode.swift; path = AppDelegate.swift; sourceTree = "<group>"; };
		C6B73D7227B90B9F003FE7F6 /* SceneDelegate.swift */ = {isa = PBXFileReference; lastKnownFileType = sourcecode.swift; path = SceneDelegate.swift; sourceTree = "<group>"; };
		C6B73D7427B90B9F003FE7F6 /* ViewController.swift */ = {isa = PBXFileReference; lastKnownFileType = sourcecode.swift; path = ViewController.swift; sourceTree = "<group>"; };
		C6B73D7727B90B9F003FE7F6 /* Base */ = {isa = PBXFileReference; lastKnownFileType = file.storyboard; name = Base; path = Base.lproj/Main.storyboard; sourceTree = "<group>"; };
		C6B73D7927B90BA1003FE7F6 /* Assets.xcassets */ = {isa = PBXFileReference; lastKnownFileType = folder.assetcatalog; path = Assets.xcassets; sourceTree = "<group>"; };
		C6B73D7C27B90BA1003FE7F6 /* Base */ = {isa = PBXFileReference; lastKnownFileType = file.storyboard; name = Base; path = Base.lproj/LaunchScreen.storyboard; sourceTree = "<group>"; };
		C6B73D7E27B90BA1003FE7F6 /* Info.plist */ = {isa = PBXFileReference; lastKnownFileType = text.plist.xml; path = Info.plist; sourceTree = "<group>"; };
		C6B73D8427BA4084003FE7F6 /* GalleryCollectionView.swift */ = {isa = PBXFileReference; lastKnownFileType = sourcecode.swift; path = GalleryCollectionView.swift; sourceTree = "<group>"; };
		C6B73D8627BA4169003FE7F6 /* SushiModel.swift */ = {isa = PBXFileReference; lastKnownFileType = sourcecode.swift; path = SushiModel.swift; sourceTree = "<group>"; };
		C6B73D8827BA4320003FE7F6 /* GalleryCollectionViewCell.swift */ = {isa = PBXFileReference; lastKnownFileType = sourcecode.swift; path = GalleryCollectionViewCell.swift; sourceTree = "<group>"; };
		C6B73D8A27BA86D0003FE7F6 /* ContainerViewController.swift */ = {isa = PBXFileReference; lastKnownFileType = sourcecode.swift; path = ContainerViewController.swift; sourceTree = "<group>"; };
		C6B73D8C27BA86D6003FE7F6 /* MenuViewController.swift */ = {isa = PBXFileReference; lastKnownFileType = sourcecode.swift; path = MenuViewController.swift; sourceTree = "<group>"; };
		C6B73D8F27BA914F003FE7F6 /* MenuTableViewCell.swift */ = {isa = PBXFileReference; lastKnownFileType = sourcecode.swift; path = MenuTableViewCell.swift; sourceTree = "<group>"; };
		C6B73D9227BA9361003FE7F6 /* MenuModel.swift */ = {isa = PBXFileReference; lastKnownFileType = sourcecode.swift; path = MenuModel.swift; sourceTree = "<group>"; };
/* End PBXFileReference section */

/* Begin PBXFrameworksBuildPhase section */
		C6B73D6A27B90B9F003FE7F6 /* Frameworks */ = {
			isa = PBXFrameworksBuildPhase;
			buildActionMask = 2147483647;
			files = (
				B6039FAB4593AE03D2EF09BB /* Pods_SushiFood.framework in Frameworks */,
			);
			runOnlyForDeploymentPostprocessing = 0;
		};
/* End PBXFrameworksBuildPhase section */

/* Begin PBXGroup section */
		1B4B8600ABC5186F3FD78E02 /* Pods */ = {
			isa = PBXGroup;
			children = (
				70B1B5B62DFD42A5AA618AB3 /* Pods-SushiFood.debug.xcconfig */,
				341816373482E2089110F155 /* Pods-SushiFood.release.xcconfig */,
			);
			path = Pods;
			sourceTree = "<group>";
		};
		C6B73D6427B90B9F003FE7F6 = {
			isa = PBXGroup;
			children = (
				C6B73D6F27B90B9F003FE7F6 /* SushiFood */,
				C6B73D6E27B90B9F003FE7F6 /* Products */,
				1B4B8600ABC5186F3FD78E02 /* Pods */,
				D71100E5C8A3ADF1F7A1E079 /* Frameworks */,
			);
			sourceTree = "<group>";
		};
		C6B73D6E27B90B9F003FE7F6 /* Products */ = {
			isa = PBXGroup;
			children = (
				C6B73D6D27B90B9F003FE7F6 /* SushiFood.app */,
			);
			name = Products;
			sourceTree = "<group>";
		};
		C6B73D6F27B90B9F003FE7F6 /* SushiFood */ = {
			isa = PBXGroup;
			children = (
				C6B73D7027B90B9F003FE7F6 /* AppDelegate.swift */,
				C6B73D7227B90B9F003FE7F6 /* SceneDelegate.swift */,
				C6B73D8E27BA86E7003FE7F6 /* Controllers */,
				C6B73D9127BA9159003FE7F6 /* Views */,
				C6B73D9427BA9368003FE7F6 /* Models */,
				C6B73D7627B90B9F003FE7F6 /* Main.storyboard */,
				C6B73D7927B90BA1003FE7F6 /* Assets.xcassets */,
				C6B73D7B27B90BA1003FE7F6 /* LaunchScreen.storyboard */,
				C6B73D7E27B90BA1003FE7F6 /* Info.plist */,
			);
			path = SushiFood;
			sourceTree = "<group>";
		};
		C6B73D8E27BA86E7003FE7F6 /* Controllers */ = {
			isa = PBXGroup;
			children = (
				C6B73D7427B90B9F003FE7F6 /* ViewController.swift */,
				C6B73D8427BA4084003FE7F6 /* GalleryCollectionView.swift */,
				C6B73D8C27BA86D6003FE7F6 /* MenuViewController.swift */,
				C6B73D8A27BA86D0003FE7F6 /* ContainerViewController.swift */,
			);
			path = Controllers;
			sourceTree = "<group>";
		};
		C6B73D9127BA9159003FE7F6 /* Views */ = {
			isa = PBXGroup;
			children = (
				C6B73D8827BA4320003FE7F6 /* GalleryCollectionViewCell.swift */,
				C6B73D8F27BA914F003FE7F6 /* MenuTableViewCell.swift */,
			);
			path = Views;
			sourceTree = "<group>";
		};
		C6B73D9427BA9368003FE7F6 /* Models */ = {
			isa = PBXGroup;
			children = (
				C6B73D8627BA4169003FE7F6 /* SushiModel.swift */,
				C6B73D9227BA9361003FE7F6 /* MenuModel.swift */,
			);
			path = Models;
			sourceTree = "<group>";
		};
		D71100E5C8A3ADF1F7A1E079 /* Frameworks */ = {
			isa = PBXGroup;
			children = (
				17F9B524AFDC6171523C4822 /* Pods_SushiFood.framework */,
			);
			name = Frameworks;
			sourceTree = "<group>";
		};
/* End PBXGroup section */

/* Begin PBXNativeTarget section */
		C6B73D6C27B90B9F003FE7F6 /* SushiFood */ = {
			isa = PBXNativeTarget;
			buildConfigurationList = C6B73D8127B90BA1003FE7F6 /* Build configuration list for PBXNativeTarget "SushiFood" */;
			buildPhases = (
				C3099E7A700CF946BBC8B266 /* [CP] Check Pods Manifest.lock */,
				C6B73D6927B90B9F003FE7F6 /* Sources */,
				C6B73D6A27B90B9F003FE7F6 /* Frameworks */,
				C6B73D6B27B90B9F003FE7F6 /* Resources */,
				34FFB75369DED2C3F1FD75A6 /* [CP] Embed Pods Frameworks */,
			);
			buildRules = (
			);
			dependencies = (
			);
			name = SushiFood;
			productName = SushiFood;
			productReference = C6B73D6D27B90B9F003FE7F6 /* SushiFood.app */;
			productType = "com.apple.product-type.application";
		};
/* End PBXNativeTarget section */

/* Begin PBXProject section */
		C6B73D6527B90B9F003FE7F6 /* Project object */ = {
			isa = PBXProject;
			attributes = {
				BuildIndependentTargetsInParallel = 1;
				LastSwiftUpdateCheck = 1320;
				LastUpgradeCheck = 1320;
				TargetAttributes = {
					C6B73D6C27B90B9F003FE7F6 = {
						CreatedOnToolsVersion = 13.2.1;
					};
				};
			};
			buildConfigurationList = C6B73D6827B90B9F003FE7F6 /* Build configuration list for PBXProject "SushiFood" */;
			compatibilityVersion = "Xcode 13.0";
			developmentRegion = en;
			hasScannedForEncodings = 0;
			knownRegions = (
				en,
				Base,
			);
			mainGroup = C6B73D6427B90B9F003FE7F6;
			productRefGroup = C6B73D6E27B90B9F003FE7F6 /* Products */;
			projectDirPath = "";
			projectRoot = "";
			targets = (
				C6B73D6C27B90B9F003FE7F6 /* SushiFood */,
			);
		};
/* End PBXProject section */

/* Begin PBXResourcesBuildPhase section */
		C6B73D6B27B90B9F003FE7F6 /* Resources */ = {
			isa = PBXResourcesBuildPhase;
			buildActionMask = 2147483647;
			files = (
				C6B73D7D27B90BA1003FE7F6 /* LaunchScreen.storyboard in Resources */,
				C6B73D7A27B90BA1003FE7F6 /* Assets.xcassets in Resources */,
				C6B73D7827B90B9F003FE7F6 /* Main.storyboard in Resources */,
			);
			runOnlyForDeploymentPostprocessing = 0;
		};
/* End PBXResourcesBuildPhase section */

/* Begin PBXShellScriptBuildPhase section */
		34FFB75369DED2C3F1FD75A6 /* [CP] Embed Pods Frameworks */ = {
			isa = PBXShellScriptBuildPhase;
			buildActionMask = 2147483647;
			files = (
			);
			inputFileListPaths = (
				"${PODS_ROOT}/Target Support Files/Pods-SushiFood/Pods-SushiFood-frameworks-${CONFIGURATION}-input-files.xcfilelist",
			);
			name = "[CP] Embed Pods Frameworks";
			outputFileListPaths = (
				"${PODS_ROOT}/Target Support Files/Pods-SushiFood/Pods-SushiFood-frameworks-${CONFIGURATION}-output-files.xcfilelist",
			);
			runOnlyForDeploymentPostprocessing = 0;
			shellPath = /bin/sh;
			shellScript = "\"${PODS_ROOT}/Target Support Files/Pods-SushiFood/Pods-SushiFood-frameworks.sh\"\n";
			showEnvVarsInLog = 0;
		};
		C3099E7A700CF946BBC8B266 /* [CP] Check Pods Manifest.lock */ = {
			isa = PBXShellScriptBuildPhase;
			buildActionMask = 2147483647;
			files = (
			);
			inputFileListPaths = (
			);
			inputPaths = (
				"${PODS_PODFILE_DIR_PATH}/Podfile.lock",
				"${PODS_ROOT}/Manifest.lock",
			);
			name = "[CP] Check Pods Manifest.lock";
			outputFileListPaths = (
			);
			outputPaths = (
				"$(DERIVED_FILE_DIR)/Pods-SushiFood-checkManifestLockResult.txt",
			);
			runOnlyForDeploymentPostprocessing = 0;
			shellPath = /bin/sh;
			shellScript = "diff \"${PODS_PODFILE_DIR_PATH}/Podfile.lock\" \"${PODS_ROOT}/Manifest.lock\" > /dev/null\nif [ $? != 0 ] ; then\n    # print error to STDERR\n    echo \"error: The sandbox is not in sync with the Podfile.lock. Run 'pod install' or update your CocoaPods installation.\" >&2\n    exit 1\nfi\n# This output is used by Xcode 'outputs' to avoid re-running this script phase.\necho \"SUCCESS\" > \"${SCRIPT_OUTPUT_FILE_0}\"\n";
			showEnvVarsInLog = 0;
		};
/* End PBXShellScriptBuildPhase section */

/* Begin PBXSourcesBuildPhase section */
		C6B73D6927B90B9F003FE7F6 /* Sources */ = {
			isa = PBXSourcesBuildPhase;
			buildActionMask = 2147483647;
			files = (
				C6B73D7527B90B9F003FE7F6 /* ViewController.swift in Sources */,
				C6B73D8927BA4320003FE7F6 /* GalleryCollectionViewCell.swift in Sources */,
				C6B73D9327BA9361003FE7F6 /* MenuModel.swift in Sources */,
				C6B73D8B27BA86D0003FE7F6 /* ContainerViewController.swift in Sources */,
				C6B73D8527BA4084003FE7F6 /* GalleryCollectionView.swift in Sources */,
				C6B73D8727BA4169003FE7F6 /* SushiModel.swift in Sources */,
				C6B73D9027BA9150003FE7F6 /* MenuTableViewCell.swift in Sources */,
				C6B73D7127B90B9F003FE7F6 /* AppDelegate.swift in Sources */,
				C6B73D7327B90B9F003FE7F6 /* SceneDelegate.swift in Sources */,
				C6B73D8D27BA86D6003FE7F6 /* MenuViewController.swift in Sources */,
			);
			runOnlyForDeploymentPostprocessing = 0;
		};
/* End PBXSourcesBuildPhase section */

/* Begin PBXVariantGroup section */
		C6B73D7627B90B9F003FE7F6 /* Main.storyboard */ = {
			isa = PBXVariantGroup;
			children = (
				C6B73D7727B90B9F003FE7F6 /* Base */,
			);
			name = Main.storyboard;
			sourceTree = "<group>";
		};
		C6B73D7B27B90BA1003FE7F6 /* LaunchScreen.storyboard */ = {
			isa = PBXVariantGroup;
			children = (
				C6B73D7C27B90BA1003FE7F6 /* Base */,
			);
			name = LaunchScreen.storyboard;
			sourceTree = "<group>";
		};
/* End PBXVariantGroup section */

/* Begin XCBuildConfiguration section */
		C6B73D7F27B90BA1003FE7F6 /* Debug */ = {
			isa = XCBuildConfiguration;
			buildSettings = {
				ALWAYS_SEARCH_USER_PATHS = NO;
				CLANG_ANALYZER_NONNULL = YES;
				CLANG_ANALYZER_NUMBER_OBJECT_CONVERSION = YES_AGGRESSIVE;
				CLANG_CXX_LANGUAGE_STANDARD = "gnu++17";
				CLANG_CXX_LIBRARY = "libc++";
				CLANG_ENABLE_MODULES = YES;
				CLANG_ENABLE_OBJC_ARC = YES;
				CLANG_ENABLE_OBJC_WEAK = YES;
				CLANG_WARN_BLOCK_CAPTURE_AUTORELEASING = YES;
				CLANG_WARN_BOOL_CONVERSION = YES;
				CLANG_WARN_COMMA = YES;
				CLANG_WARN_CONSTANT_CONVERSION = YES;
				CLANG_WARN_DEPRECATED_OBJC_IMPLEMENTATIONS = YES;
				CLANG_WARN_DIRECT_OBJC_ISA_USAGE = YES_ERROR;
				CLANG_WARN_DOCUMENTATION_COMMENTS = YES;
				CLANG_WARN_EMPTY_BODY = YES;
				CLANG_WARN_ENUM_CONVERSION = YES;
				CLANG_WARN_INFINITE_RECURSION = YES;
				CLANG_WARN_INT_CONVERSION = YES;
				CLANG_WARN_NON_LITERAL_NULL_CONVERSION = YES;
				CLANG_WARN_OBJC_IMPLICIT_RETAIN_SELF = YES;
				CLANG_WARN_OBJC_LITERAL_CONVERSION = YES;
				CLANG_WARN_OBJC_ROOT_CLASS = YES_ERROR;
				CLANG_WARN_QUOTED_INCLUDE_IN_FRAMEWORK_HEADER = YES;
				CLANG_WARN_RANGE_LOOP_ANALYSIS = YES;
				CLANG_WARN_STRICT_PROTOTYPES = YES;
				CLANG_WARN_SUSPICIOUS_MOVE = YES;
				CLANG_WARN_UNGUARDED_AVAILABILITY = YES_AGGRESSIVE;
				CLANG_WARN_UNREACHABLE_CODE = YES;
				CLANG_WARN__DUPLICATE_METHOD_MATCH = YES;
				COPY_PHASE_STRIP = NO;
				DEBUG_INFORMATION_FORMAT = dwarf;
				ENABLE_STRICT_OBJC_MSGSEND = YES;
				ENABLE_TESTABILITY = YES;
				GCC_C_LANGUAGE_STANDARD = gnu11;
				GCC_DYNAMIC_NO_PIC = NO;
				GCC_NO_COMMON_BLOCKS = YES;
				GCC_OPTIMIZATION_LEVEL = 0;
				GCC_PREPROCESSOR_DEFINITIONS = (
					"DEBUG=1",
					"$(inherited)",
				);
				GCC_WARN_64_TO_32_BIT_CONVERSION = YES;
				GCC_WARN_ABOUT_RETURN_TYPE = YES_ERROR;
				GCC_WARN_UNDECLARED_SELECTOR = YES;
				GCC_WARN_UNINITIALIZED_AUTOS = YES_AGGRESSIVE;
				GCC_WARN_UNUSED_FUNCTION = YES;
				GCC_WARN_UNUSED_VARIABLE = YES;
				IPHONEOS_DEPLOYMENT_TARGET = 15.2;
				MTL_ENABLE_DEBUG_INFO = INCLUDE_SOURCE;
				MTL_FAST_MATH = YES;
				ONLY_ACTIVE_ARCH = YES;
				SDKROOT = iphoneos;
				SWIFT_ACTIVE_COMPILATION_CONDITIONS = DEBUG;
				SWIFT_OPTIMIZATION_LEVEL = "-Onone";
			};
			name = Debug;
		};
		C6B73D8027B90BA1003FE7F6 /* Release */ = {
			isa = XCBuildConfiguration;
			buildSettings = {
				ALWAYS_SEARCH_USER_PATHS = NO;
				CLANG_ANALYZER_NONNULL = YES;
				CLANG_ANALYZER_NUMBER_OBJECT_CONVERSION = YES_AGGRESSIVE;
				CLANG_CXX_LANGUAGE_STANDARD = "gnu++17";
				CLANG_CXX_LIBRARY = "libc++";
				CLANG_ENABLE_MODULES = YES;
				CLANG_ENABLE_OBJC_ARC = YES;
				CLANG_ENABLE_OBJC_WEAK = YES;
				CLANG_WARN_BLOCK_CAPTURE_AUTORELEASING = YES;
				CLANG_WARN_BOOL_CONVERSION = YES;
				CLANG_WARN_COMMA = YES;
				CLANG_WARN_CONSTANT_CONVERSION = YES;
				CLANG_WARN_DEPRECATED_OBJC_IMPLEMENTATIONS = YES;
				CLANG_WARN_DIRECT_OBJC_ISA_USAGE = YES_ERROR;
				CLANG_WARN_DOCUMENTATION_COMMENTS = YES;
				CLANG_WARN_EMPTY_BODY = YES;
				CLANG_WARN_ENUM_CONVERSION = YES;
				CLANG_WARN_INFINITE_RECURSION = YES;
				CLANG_WARN_INT_CONVERSION = YES;
				CLANG_WARN_NON_LITERAL_NULL_CONVERSION = YES;
				CLANG_WARN_OBJC_IMPLICIT_RETAIN_SELF = YES;
				CLANG_WARN_OBJC_LITERAL_CONVERSION = YES;
				CLANG_WARN_OBJC_ROOT_CLASS = YES_ERROR;
				CLANG_WARN_QUOTED_INCLUDE_IN_FRAMEWORK_HEADER = YES;
				CLANG_WARN_RANGE_LOOP_ANALYSIS = YES;
				CLANG_WARN_STRICT_PROTOTYPES = YES;
				CLANG_WARN_SUSPICIOUS_MOVE = YES;
				CLANG_WARN_UNGUARDED_AVAILABILITY = YES_AGGRESSIVE;
				CLANG_WARN_UNREACHABLE_CODE = YES;
				CLANG_WARN__DUPLICATE_METHOD_MATCH = YES;
				COPY_PHASE_STRIP = NO;
				DEBUG_INFORMATION_FORMAT = "dwarf-with-dsym";
				ENABLE_NS_ASSERTIONS = NO;
				ENABLE_STRICT_OBJC_MSGSEND = YES;
				GCC_C_LANGUAGE_STANDARD = gnu11;
				GCC_NO_COMMON_BLOCKS = YES;
				GCC_WARN_64_TO_32_BIT_CONVERSION = YES;
				GCC_WARN_ABOUT_RETURN_TYPE = YES_ERROR;
				GCC_WARN_UNDECLARED_SELECTOR = YES;
				GCC_WARN_UNINITIALIZED_AUTOS = YES_AGGRESSIVE;
				GCC_WARN_UNUSED_FUNCTION = YES;
				GCC_WARN_UNUSED_VARIABLE = YES;
				IPHONEOS_DEPLOYMENT_TARGET = 15.2;
				MTL_ENABLE_DEBUG_INFO = NO;
				MTL_FAST_MATH = YES;
				SDKROOT = iphoneos;
				SWIFT_COMPILATION_MODE = wholemodule;
				SWIFT_OPTIMIZATION_LEVEL = "-O";
				VALIDATE_PRODUCT = YES;
			};
			name = Release;
		};
		C6B73D8227B90BA1003FE7F6 /* Debug */ = {
			isa = XCBuildConfiguration;
			baseConfigurationReference = 70B1B5B62DFD42A5AA618AB3 /* Pods-SushiFood.debug.xcconfig */;
			buildSettings = {
				ASSETCATALOG_COMPILER_APPICON_NAME = AppIcon;
				ASSETCATALOG_COMPILER_GLOBAL_ACCENT_COLOR_NAME = AccentColor;
				CODE_SIGN_STYLE = Automatic;
				CURRENT_PROJECT_VERSION = 1;
				DEVELOPMENT_TEAM = 63FK3V6L5R;
				GENERATE_INFOPLIST_FILE = YES;
				INFOPLIST_FILE = SushiFood/Info.plist;
				INFOPLIST_KEY_UIApplicationSupportsIndirectInputEvents = YES;
				INFOPLIST_KEY_UILaunchStoryboardName = LaunchScreen;
				INFOPLIST_KEY_UIMainStoryboardFile = Main;
				INFOPLIST_KEY_UISupportedInterfaceOrientations_iPad = "UIInterfaceOrientationPortrait UIInterfaceOrientationPortraitUpsideDown UIInterfaceOrientationLandscapeLeft UIInterfaceOrientationLandscapeRight";
				INFOPLIST_KEY_UISupportedInterfaceOrientations_iPhone = "UIInterfaceOrientationPortrait UIInterfaceOrientationLandscapeLeft UIInterfaceOrientationLandscapeRight";
				LD_RUNPATH_SEARCH_PATHS = (
					"$(inherited)",
					"@executable_path/Frameworks",
				);
				MARKETING_VERSION = 1.0;
				PRODUCT_BUNDLE_IDENTIFIER = SERVIN.SushiFood;
				PRODUCT_NAME = "$(TARGET_NAME)";
				SWIFT_EMIT_LOC_STRINGS = YES;
				SWIFT_VERSION = 5.0;
				TARGETED_DEVICE_FAMILY = "1,2";
			};
			name = Debug;
		};
		C6B73D8327B90BA1003FE7F6 /* Release */ = {
			isa = XCBuildConfiguration;
			baseConfigurationReference = 341816373482E2089110F155 /* Pods-SushiFood.release.xcconfig */;
			buildSettings = {
				ASSETCATALOG_COMPILER_APPICON_NAME = AppIcon;
				ASSETCATALOG_COMPILER_GLOBAL_ACCENT_COLOR_NAME = AccentColor;
				CODE_SIGN_STYLE = Automatic;
				CURRENT_PROJECT_VERSION = 1;
				DEVELOPMENT_TEAM = 63FK3V6L5R;
				GENERATE_INFOPLIST_FILE = YES;
				INFOPLIST_FILE = SushiFood/Info.plist;
				INFOPLIST_KEY_UIApplicationSupportsIndirectInputEvents = YES;
				INFOPLIST_KEY_UILaunchStoryboardName = LaunchScreen;
				INFOPLIST_KEY_UIMainStoryboardFile = Main;
				INFOPLIST_KEY_UISupportedInterfaceOrientations_iPad = "UIInterfaceOrientationPortrait UIInterfaceOrientationPortraitUpsideDown UIInterfaceOrientationLandscapeLeft UIInterfaceOrientationLandscapeRight";
				INFOPLIST_KEY_UISupportedInterfaceOrientations_iPhone = "UIInterfaceOrientationPortrait UIInterfaceOrientationLandscapeLeft UIInterfaceOrientationLandscapeRight";
				LD_RUNPATH_SEARCH_PATHS = (
					"$(inherited)",
					"@executable_path/Frameworks",
				);
				MARKETING_VERSION = 1.0;
				PRODUCT_BUNDLE_IDENTIFIER = SERVIN.SushiFood;
				PRODUCT_NAME = "$(TARGET_NAME)";
				SWIFT_EMIT_LOC_STRINGS = YES;
				SWIFT_VERSION = 5.0;
				TARGETED_DEVICE_FAMILY = "1,2";
			};
			name = Release;
		};
/* End XCBuildConfiguration section */

/* Begin XCConfigurationList section */
		C6B73D6827B90B9F003FE7F6 /* Build configuration list for PBXProject "SushiFood" */ = {
			isa = XCConfigurationList;
			buildConfigurations = (
				C6B73D7F27B90BA1003FE7F6 /* Debug */,
				C6B73D8027B90BA1003FE7F6 /* Release */,
			);
			defaultConfigurationIsVisible = 0;
			defaultConfigurationName = Release;
		};
		C6B73D8127B90BA1003FE7F6 /* Build configuration list for PBXNativeTarget "SushiFood" */ = {
			isa = XCConfigurationList;
			buildConfigurations = (
				C6B73D8227B90BA1003FE7F6 /* Debug */,
				C6B73D8327B90BA1003FE7F6 /* Release */,
			);
			defaultConfigurationIsVisible = 0;
			defaultConfigurationName = Release;
		};
/* End XCConfigurationList section */
	};
	rootObject = C6B73D6527B90B9F003FE7F6 /* Project object */;
}
